
Microsoft Visual Studio Solution File, Format Version 12.00
# Visual Studio Version 16
VisualStudioVersion = 16.6.30114.105
MinimumVisualStudioVersion = 10.0.40219.1
Project("{FAE04EC0-301F-11D3-BF4B-00C04F79EFBC}") = "CSUI", "CSUI\CSUI.csproj", "{C1FCEAF8-A6A6-4B07-992B-75944AE67AB2}"
EndProject
Project("{FAE04EC0-301F-11D3-BF4B-00C04F79EFBC}") = "CSDL", "CSDL\CSDL.csproj", "{DBB52067-E922-4D76-BCCE-56A5E123A2A0}"
EndProject
Project("{FAE04EC0-301F-11D3-BF4B-00C04F79EFBC}") = "CSBL", "CSBL\CSBL.csproj", "{DB2031D1-B28E-46F5-B09D-855B58272D2A}"
EndProject
Project("{FAE04EC0-301F-11D3-BF4B-00C04F79EFBC}") = "CSModels", "CSModels\CSModels.csproj", "{C937EF53-F9EC-4A5E-A564-710F78B5C957}"
EndProject
Global
	GlobalSection(SolutionConfigurationPlatforms) = preSolution
		Debug|Any CPU = Debug|Any CPU
		Debug|x64 = Debug|x64
		Debug|x86 = Debug|x86
		Release|Any CPU = Release|Any CPU
		Release|x64 = Release|x64
		Release|x86 = Release|x86
	EndGlobalSection
	GlobalSection(SolutionProperties) = preSolution
		HideSolutionNode = FALSE
	EndGlobalSection
	GlobalSection(ProjectConfigurationPlatforms) = postSolution
		{C1FCEAF8-A6A6-4B07-992B-75944AE67AB2}.Debug|Any CPU.ActiveCfg = Debug|Any CPU
		{C1FCEAF8-A6A6-4B07-992B-75944AE67AB2}.Debug|Any CPU.Build.0 = Debug|Any CPU
		{C1FCEAF8-A6A6-4B07-992B-75944AE67AB2}.Debug|x64.ActiveCfg = Debug|Any CPU
		{C1FCEAF8-A6A6-4B07-992B-75944AE67AB2}.Debug|x64.Build.0 = Debug|Any CPU
		{C1FCEAF8-A6A6-4B07-992B-75944AE67AB2}.Debug|x86.ActiveCfg = Debug|Any CPU
		{C1FCEAF8-A6A6-4B07-992B-75944AE67AB2}.Debug|x86.Build.0 = Debug|Any CPU
		{C1FCEAF8-A6A6-4B07-992B-75944AE67AB2}.Release|Any CPU.ActiveCfg = Release|Any CPU
		{C1FCEAF8-A6A6-4B07-992B-75944AE67AB2}.Release|Any CPU.Build.0 = Release|Any CPU
		{C1FCEAF8-A6A6-4B07-992B-75944AE67AB2}.Release|x64.ActiveCfg = Release|Any CPU
		{C1FCEAF8-A6A6-4B07-992B-75944AE67AB2}.Release|x64.Build.0 = Release|Any CPU
		{C1FCEAF8-A6A6-4B07-992B-75944AE67AB2}.Release|x86.ActiveCfg = Release|Any CPU
		{C1FCEAF8-A6A6-4B07-992B-75944AE67AB2}.Release|x86.Build.0 = Release|Any CPU
		{DBB52067-E922-4D76-BCCE-56A5E123A2A0}.Debug|Any CPU.ActiveCfg = Debug|Any CPU
		{DBB52067-E922-4D76-BCCE-56A5E123A2A0}.Debug|Any CPU.Build.0 = Debug|Any CPU
		{DBB52067-E922-4D76-BCCE-56A5E123A2A0}.Debug|x64.ActiveCfg = Debug|Any CPU
		{DBB52067-E922-4D76-BCCE-56A5E123A2A0}.Debug|x64.Build.0 = Debug|Any CPU
		{DBB52067-E922-4D76-BCCE-56A5E123A2A0}.Debug|x86.ActiveCfg = Debug|Any CPU
		{DBB52067-E922-4D76-BCCE-56A5E123A2A0}.Debug|x86.Build.0 = Debug|Any CPU
		{DBB52067-E922-4D76-BCCE-56A5E123A2A0}.Release|Any CPU.ActiveCfg = Release|Any CPU
		{DBB52067-E922-4D76-BCCE-56A5E123A2A0}.Release|Any CPU.Build.0 = Release|Any CPU
		{DBB52067-E922-4D76-BCCE-56A5E123A2A0}.Release|x64.ActiveCfg = Release|Any CPU
		{DBB52067-E922-4D76-BCCE-56A5E123A2A0}.Release|x64.Build.0 = Release|Any CPU
		{DBB52067-E922-4D76-BCCE-56A5E123A2A0}.Release|x86.ActiveCfg = Release|Any CPU
		{DBB52067-E922-4D76-BCCE-56A5E123A2A0}.Release|x86.Build.0 = Release|Any CPU
		{DB2031D1-B28E-46F5-B09D-855B58272D2A}.Debug|Any CPU.ActiveCfg = Debug|Any CPU
		{DB2031D1-B28E-46F5-B09D-855B58272D2A}.Debug|Any CPU.Build.0 = Debug|Any CPU
		{DB2031D1-B28E-46F5-B09D-855B58272D2A}.Debug|x64.ActiveCfg = Debug|Any CPU
		{DB2031D1-B28E-46F5-B09D-855B58272D2A}.Debug|x64.Build.0 = Debug|Any CPU
		{DB2031D1-B28E-46F5-B09D-855B58272D2A}.Debug|x86.ActiveCfg = Debug|Any CPU
		{DB2031D1-B28E-46F5-B09D-855B58272D2A}.Debug|x86.Build.0 = Debug|Any CPU
		{DB2031D1-B28E-46F5-B09D-855B58272D2A}.Release|Any CPU.ActiveCfg = Release|Any CPU
		{DB2031D1-B28E-46F5-B09D-855B58272D2A}.Release|Any CPU.Build.0 = Release|Any CPU
		{DB2031D1-B28E-46F5-B09D-855B58272D2A}.Release|x64.ActiveCfg = Release|Any CPU
		{DB2031D1-B28E-46F5-B09D-855B58272D2A}.Release|x64.Build.0 = Release|Any CPU
		{DB2031D1-B28E-46F5-B09D-855B58272D2A}.Release|x86.ActiveCfg = Release|Any CPU
		{DB2031D1-B28E-46F5-B09D-855B58272D2A}.Release|x86.Build.0 = Release|Any CPU
		{C937EF53-F9EC-4A5E-A564-710F78B5C957}.Debug|Any CPU.ActiveCfg = Debug|Any CPU
		{C937EF53-F9EC-4A5E-A564-710F78B5C957}.Debug|Any CPU.Build.0 = Debug|Any CPU
		{C937EF53-F9EC-4A5E-A564-710F78B5C957}.Debug|x64.ActiveCfg = Debug|Any CPU
		{C937EF53-F9EC-4A5E-A564-710F78B5C957}.Debug|x64.Build.0 = Debug|Any CPU
		{C937EF53-F9EC-4A5E-A564-710F78B5C957}.Debug|x86.ActiveCfg = Debug|Any CPU
		{C937EF53-F9EC-4A5E-A564-710F78B5C957}.Debug|x86.Build.0 = Debug|Any CPU
		{C937EF53-F9EC-4A5E-A564-710F78B5C957}.Release|Any CPU.ActiveCfg = Release|Any CPU
		{C937EF53-F9EC-4A5E-A564-710F78B5C957}.Release|Any CPU.Build.0 = Release|Any CPU
		{C937EF53-F9EC-4A5E-A564-710F78B5C957}.Release|x64.ActiveCfg = Release|Any CPU
		{C937EF53-F9EC-4A5E-A564-710F78B5C957}.Release|x64.Build.0 = Release|Any CPU
		{C937EF53-F9EC-4A5E-A564-710F78B5C957}.Release|x86.ActiveCfg = Release|Any CPU
		{C937EF53-F9EC-4A5E-A564-710F78B5C957}.Release|x86.Build.0 = Release|Any CPU
	EndGlobalSection
EndGlobal
